
Microsoft Visual Studio Solution File, Format Version 12.00
# Visual Studio 15
VisualStudioVersion = 15.0.28307.489
MinimumVisualStudioVersion = 10.0.40219.1
Project("{FAE04EC0-301F-11D3-BF4B-00C04F79EFBC}") = "Lista2Grafy", "Lista2Grafy\Lista2Grafy.csproj", "{ACB6D6EF-CA1E-4888-B1B5-A3985B5B32BF}"
EndProject
Global
	GlobalSection(SolutionConfigurationPlatforms) = preSolution
		Debug|Any CPU = Debug|Any CPU
		Release|Any CPU = Release|Any CPU
	EndGlobalSection
	GlobalSection(ProjectConfigurationPlatforms) = postSolution
		{ACB6D6EF-CA1E-4888-B1B5-A3985B5B32BF}.Debug|Any CPU.ActiveCfg = Debug|Any CPU
		{ACB6D6EF-CA1E-4888-B1B5-A3985B5B32BF}.Debug|Any CPU.Build.0 = Debug|Any CPU
		{ACB6D6EF-CA1E-4888-B1B5-A3985B5B32BF}.Release|Any CPU.ActiveCfg = Release|Any CPU
		{ACB6D6EF-CA1E-4888-B1B5-A3985B5B32BF}.Release|Any CPU.Build.0 = Release|Any CPU
	EndGlobalSection
	GlobalSection(SolutionProperties) = preSolution
		HideSolutionNode = FALSE
	EndGlobalSection
	GlobalSection(ExtensibilityGlobals) = postSolution
		SolutionGuid = {E6D919D4-049A-4582-B6B1-07987720C29E}
	EndGlobalSection
EndGlobal
