
Microsoft Visual Studio Solution File, Format Version 12.00
# Visual Studio 15
VisualStudioVersion = 15.0.28307.489
MinimumVisualStudioVersion = 10.0.40219.1
Project("{FAE04EC0-301F-11D3-BF4B-00C04F79EFBC}") = "Programming1", "Programming1\Programming1.csproj", "{9AF5FFA6-4674-40EB-9485-69777935544B}"
EndProject
Global
	GlobalSection(SolutionConfigurationPlatforms) = preSolution
		Debug|Any CPU = Debug|Any CPU
		Release|Any CPU = Release|Any CPU
	EndGlobalSection
	GlobalSection(ProjectConfigurationPlatforms) = postSolution
		{9AF5FFA6-4674-40EB-9485-69777935544B}.Debug|Any CPU.ActiveCfg = Debug|Any CPU
		{9AF5FFA6-4674-40EB-9485-69777935544B}.Debug|Any CPU.Build.0 = Debug|Any CPU
		{9AF5FFA6-4674-40EB-9485-69777935544B}.Release|Any CPU.ActiveCfg = Release|Any CPU
		{9AF5FFA6-4674-40EB-9485-69777935544B}.Release|Any CPU.Build.0 = Release|Any CPU
	EndGlobalSection
	GlobalSection(SolutionProperties) = preSolution
		HideSolutionNode = FALSE
	EndGlobalSection
	GlobalSection(ExtensibilityGlobals) = postSolution
		SolutionGuid = {EDD150AD-BC90-4688-82BB-5066A0B7911A}
	EndGlobalSection
EndGlobal
