
Microsoft Visual Studio Solution File, Format Version 12.00
# Visual Studio 15
VisualStudioVersion = 15.0.28307.489
MinimumVisualStudioVersion = 10.0.40219.1
Project("{FAE04EC0-301F-11D3-BF4B-00C04F79EFBC}") = "Listing1-17", "Listing1-17\Listing1-17.csproj", "{EFD3E490-4B21-410F-B1C4-3B1C4DE223F1}"
EndProject
Global
	GlobalSection(SolutionConfigurationPlatforms) = preSolution
		Debug|Any CPU = Debug|Any CPU
		Release|Any CPU = Release|Any CPU
	EndGlobalSection
	GlobalSection(ProjectConfigurationPlatforms) = postSolution
		{EFD3E490-4B21-410F-B1C4-3B1C4DE223F1}.Debug|Any CPU.ActiveCfg = Debug|Any CPU
		{EFD3E490-4B21-410F-B1C4-3B1C4DE223F1}.Debug|Any CPU.Build.0 = Debug|Any CPU
		{EFD3E490-4B21-410F-B1C4-3B1C4DE223F1}.Release|Any CPU.ActiveCfg = Release|Any CPU
		{EFD3E490-4B21-410F-B1C4-3B1C4DE223F1}.Release|Any CPU.Build.0 = Release|Any CPU
	EndGlobalSection
	GlobalSection(SolutionProperties) = preSolution
		HideSolutionNode = FALSE
	EndGlobalSection
	GlobalSection(ExtensibilityGlobals) = postSolution
		SolutionGuid = {6807E784-19D7-4FA8-AEC6-07B6EBE5AC78}
	EndGlobalSection
EndGlobal
