
Microsoft Visual Studio Solution File, Format Version 12.00
# Visual Studio 15
VisualStudioVersion = 15.0.28307.489
MinimumVisualStudioVersion = 10.0.40219.1
Project("{FAE04EC0-301F-11D3-BF4B-00C04F79EFBC}") = "Listing2-48", "Listing2-48\Listing2-48.csproj", "{ABA1BA03-539A-473C-9D1A-65047A71692D}"
EndProject
Global
	GlobalSection(SolutionConfigurationPlatforms) = preSolution
		Debug|Any CPU = Debug|Any CPU
		Release|Any CPU = Release|Any CPU
	EndGlobalSection
	GlobalSection(ProjectConfigurationPlatforms) = postSolution
		{ABA1BA03-539A-473C-9D1A-65047A71692D}.Debug|Any CPU.ActiveCfg = Debug|Any CPU
		{ABA1BA03-539A-473C-9D1A-65047A71692D}.Debug|Any CPU.Build.0 = Debug|Any CPU
		{ABA1BA03-539A-473C-9D1A-65047A71692D}.Release|Any CPU.ActiveCfg = Release|Any CPU
		{ABA1BA03-539A-473C-9D1A-65047A71692D}.Release|Any CPU.Build.0 = Release|Any CPU
	EndGlobalSection
	GlobalSection(SolutionProperties) = preSolution
		HideSolutionNode = FALSE
	EndGlobalSection
	GlobalSection(ExtensibilityGlobals) = postSolution
		SolutionGuid = {54DC8CF9-42F6-4A0F-A6E7-B6E7248D4F0D}
	EndGlobalSection
EndGlobal
