
Microsoft Visual Studio Solution File, Format Version 12.00
# Visual Studio 15
VisualStudioVersion = 15.0.28307.489
MinimumVisualStudioVersion = 10.0.40219.1
Project("{FAE04EC0-301F-11D3-BF4B-00C04F79EFBC}") = "Listing1-16", "Listing1-16\Listing1-16.csproj", "{41525A85-A0C7-4305-8816-DB91AE8B75CB}"
EndProject
Global
	GlobalSection(SolutionConfigurationPlatforms) = preSolution
		Debug|Any CPU = Debug|Any CPU
		Release|Any CPU = Release|Any CPU
	EndGlobalSection
	GlobalSection(ProjectConfigurationPlatforms) = postSolution
		{41525A85-A0C7-4305-8816-DB91AE8B75CB}.Debug|Any CPU.ActiveCfg = Debug|Any CPU
		{41525A85-A0C7-4305-8816-DB91AE8B75CB}.Debug|Any CPU.Build.0 = Debug|Any CPU
		{41525A85-A0C7-4305-8816-DB91AE8B75CB}.Release|Any CPU.ActiveCfg = Release|Any CPU
		{41525A85-A0C7-4305-8816-DB91AE8B75CB}.Release|Any CPU.Build.0 = Release|Any CPU
	EndGlobalSection
	GlobalSection(SolutionProperties) = preSolution
		HideSolutionNode = FALSE
	EndGlobalSection
	GlobalSection(ExtensibilityGlobals) = postSolution
		SolutionGuid = {563F4EAF-1B4C-4E0D-8715-D82B9A704D7F}
	EndGlobalSection
EndGlobal
