
Microsoft Visual Studio Solution File, Format Version 12.00
# Visual Studio 15
VisualStudioVersion = 15.0.28307.489
MinimumVisualStudioVersion = 10.0.40219.1
Project("{FAE04EC0-301F-11D3-BF4B-00C04F79EFBC}") = "Listing1-15", "Listing1-15\Listing1-15.csproj", "{B7DEAE5B-2D2A-4ABF-BAE9-DFEC9C042D1E}"
EndProject
Global
	GlobalSection(SolutionConfigurationPlatforms) = preSolution
		Debug|Any CPU = Debug|Any CPU
		Release|Any CPU = Release|Any CPU
	EndGlobalSection
	GlobalSection(ProjectConfigurationPlatforms) = postSolution
		{B7DEAE5B-2D2A-4ABF-BAE9-DFEC9C042D1E}.Debug|Any CPU.ActiveCfg = Debug|Any CPU
		{B7DEAE5B-2D2A-4ABF-BAE9-DFEC9C042D1E}.Debug|Any CPU.Build.0 = Debug|Any CPU
		{B7DEAE5B-2D2A-4ABF-BAE9-DFEC9C042D1E}.Release|Any CPU.ActiveCfg = Release|Any CPU
		{B7DEAE5B-2D2A-4ABF-BAE9-DFEC9C042D1E}.Release|Any CPU.Build.0 = Release|Any CPU
	EndGlobalSection
	GlobalSection(SolutionProperties) = preSolution
		HideSolutionNode = FALSE
	EndGlobalSection
	GlobalSection(ExtensibilityGlobals) = postSolution
		SolutionGuid = {7EFC8008-C74B-4638-96CE-AF2D7C0153E1}
	EndGlobalSection
EndGlobal
